[core]
path = "../../core/wit"
sha256 = "b4e8582b3275523e5bad55483a852728fc35b5b369991a245b5650a884873399"
sha512 = "91b30cc36713cac8b3621d1db41762780221b0f5fc318cc0ddb69c96f19204d359d57fc8df873c055d141a8c72ed38bf3afaa68d6a77b12fbbeb744984f41e92"
deps = ["io"]

[io]
sha256 = "770a73d479cda8e4c4064dd4006d2654ebcc358952079d74e41af27cf26bddbf"
sha512 = "b790f9750ac6782d9aaaa379845600b66dbde14ecee42f159c29796447eb8e61ee61f3b306e92622993b5e25298834b6ff62d7d9a04f8f18c05f07eda8f47ae0"
