{
  "name": "@pie-project/client",
  "version": "0.5.0",
  "lockfileVersion": 3,
  "requires": true,
  "packages": {
    "": {
      "name": "@pie-project/client",
      "version": "0.5.0",
      "dependencies": {
        "@noble/hashes": "^2.2.0",
        "msgpack-lite": "^0.2.2"
      }
    },
    "node_modules/@noble/hashes": {
      "version": "2.4.0",
      "resolved": "https://registry.npmjs.org/@noble/hashes/-/hashes-2.4.0.tgz",
      "integrity": "sha512-X5XaVWZIBCT7HHZGm5I7ZQXDwLG+bGXuSrMQAW+7Zvl87h1kmc1ZB1VSRJcpUfoUrGQp4Fkoxm5kZ+Ms+aW+eA==",
      "license": "MIT",
      "engines": {
        "node": ">= 20.19.0"
      },
      "funding": {
        "url": "https://paulmillr.com/funding/"
      }
    },
    "node_modules/event-lite": {
      "version": "1.0.1",
      "resolved": "https://registry.npmjs.org/event-lite/-/event-lite-1.0.1.tgz",
      "integrity": "sha512-h8y5birRx5g/R2scKNnkJ0HX1sJi2hwIH5t/vt+1hWDF+kaGODTYjXMTi3+0ApcNjr/xGbS2DduC8LQ7vnSV1Q==",
      "license": "MIT"
    },
    "node_modules/ieee754": {
      "version": "1.2.1",
      "resolved": "https://registry.npmjs.org/ieee754/-/ieee754-1.2.1.tgz",
      "integrity": "sha512-dcyqhDvX1C46lXZcVqCpK+FtMRQVdIMN6/Df5js2zouUsqG7I6sFxitIC+7KYK29KdXOLHdu9zL4sFnoVQnqaA==",
      "funding": [
        {
          "type": "github",
          "url": "https://github.com/sponsors/feross"
        },
        {
          "type": "patreon",
          "url": "https://www.patreon.com/feross"
        },
        {
          "type": "consulting",
          "url": "https://feross.org/support"
        }
      ],
      "license": "BSD-3-Clause"
    },
    "node_modules/int64-buffer": {
      "version": "1.1.2",
      "resolved": "https://registry.npmjs.org/int64-buffer/-/int64-buffer-1.1.2.tgz",
      "integrity": "sha512-ZBb2qDtapL5lWiwgXIoNaCRb/OBPrQ6bK6J4p1AcPXzH/JA/eZmoTVCGGCOIQWIsWwOExGsPu5n8+aBG6itMzA==",
      "license": "MIT"
    },
    "node_modules/isarray": {
      "version": "2.0.5",
      "resolved": "https://registry.npmjs.org/isarray/-/isarray-2.0.5.tgz",
      "integrity": "sha512-xHjhDr3cNBK0BzdUJSPXZntQUx/mwMS5Rw4A7lPJ90XGAO6ISP/ePDNuo0vhqOZU+UD5JoodwCAAoZQd3FeAKw==",
      "license": "MIT"
    },
    "node_modules/msgpack-lite": {
      "version": "0.2.2",
      "resolved": "https://registry.npmjs.org/msgpack-lite/-/msgpack-lite-0.2.2.tgz",
      "integrity": "sha512-FX9cfvURw4ehu3Dnsp9HJpA1uMUCFtSZruFgHUPrRszlok3tbObwm+zLEXdZ8TwbWwtVLqxLaYAVDhKzp2iCjQ==",
      "license": "MIT",
      "dependencies": {
        "event-lite": "^1.0.0",
        "ieee754": "^1.2.1",
        "int64-buffer": "^1.1.1",
        "isarray": "^2.0.5"
      },
      "bin": {
        "msgpack": "bin/msgpack"
      }
    }
  }
}
