[clocks]
sha256 = "4cc37627d547884a2a54a34a6684cbc92d8efeca43a0c948de21aacac703b51c"
sha512 = "9991e5dbf91831aba2c523a76774358f73ab1792ffeff1f5b15c7a3a61743cae0c7ddf9672aeb6d63f9de3e90cecdf6e984b3576c2fc2e69ff92a96640e88fbd"

[core]
path = "./core/wit"
sha256 = "cc7f74bf8da7dd610167ebcafbac11bedb235661cd644186cc25b3013fd3b2d7"
sha512 = "bb55af980968284c7ac902edbfbb58e51292e7839a0b572c75834a4a90c007a8606211a32bef94576afc5c0e7a24769ff994b50c546108ce1e59a6402805d20d"
deps = ["clocks", "filesystem", "io", "random"]

[filesystem]
sha256 = "dd435f78b23714bd9d51ef3789c43b831549e71f54b57394a41bbf0c4da45f42"
sha512 = "d58bcf6eae908a6b2d883bcdfe456dc31aa99c848d0b3d21f710bde5bbb59ec105dbd5085004eadd0faa938530e4c29f88e589f525c080eb6d5971775a0b64ed"

[instruct]
path = "./instruct/wit"
sha256 = "906b92b90293074e9b7fe9cd94d8528665c4897c60a8b9cf4528d0f12d360c15"
sha512 = "3af1fbca366b53139bde43a3afb1361018858d3eac009a2accbaa159757a8e2b3f4b2c7fa74fe4628003b578eb32da509ea3ddabf4517244ca7ca8d89d26378b"

[io]
sha256 = "770a73d479cda8e4c4064dd4006d2654ebcc358952079d74e41af27cf26bddbf"
sha512 = "b790f9750ac6782d9aaaa379845600b66dbde14ecee42f159c29796447eb8e61ee61f3b306e92622993b5e25298834b6ff62d7d9a04f8f18c05f07eda8f47ae0"

[mcp]
path = "./mcp/wit"
sha256 = "18fc916f1a5761c9212309c9369f0e1209fb4c29d2c6f6e3292a60314c27695d"
sha512 = "716b03fa05a81f51e9da7546a7a78e5c1fcedee1c8e830fb584a37de22125af10aeb34b86c51d1bd42f9ceeab051d838a794e1a0a7d5a3da3b9ef57208b24edc"
deps = ["io"]

[random]
sha256 = "876d81b0a777f1dc9db215fa36f45898a907188819185d6b189345f28c081a45"
sha512 = "fc6a0ed97e0525456222b28bcc49431bade826a97cb6eb52cde595908865d1ed7835c54a63b408ba82e3d49061aebb9a8725d1d2316d28c0ccb12af8ec968ab8"

[zo]
path = "./zo/wit"
sha256 = "e5858adf44f6afa99c19e740f385aac5a8e788bcc9ce9de0a57c3a0be30c0e59"
sha512 = "be13584e27e882fc0213001b9db52e5a1ebf6acbf177919ca06b03cbfa4fe4d7736a3b8ac332afcaccc0adfbb68f8f9224e292cc1461f0f15c1532d9a47638a5"
deps = ["io"]
