[core]
path = "./core/wit"
sha256 = "80e1a497e79e6978bfdf7fa13259df6f5578b1da978d76a2f027369612c8d21b"
sha512 = "9530d3eb159817fbe93436ce915670c4b2b455556d9b0cc4474ad2ba1d9ab04d55344f2731415d353dcb05a80022ba7cd9956ff117cb5bcc5ecf744348655093"
deps = ["io"]

[io]
sha256 = "770a73d479cda8e4c4064dd4006d2654ebcc358952079d74e41af27cf26bddbf"
sha512 = "b790f9750ac6782d9aaaa379845600b66dbde14ecee42f159c29796447eb8e61ee61f3b306e92622993b5e25298834b6ff62d7d9a04f8f18c05f07eda8f47ae0"

[mcp]
path = "./mcp/wit"
sha256 = "d83162a993f46b09432ae7c5fefd56055e9e2bfd8f488c9931a8646e818bdb34"
sha512 = "3ff4d04dd4a1237b6d99d6feebe608fc8e51fc48cc6d8ae0667f73dd76e92d85cba0ff433ee53cb460d4f34c4e46c214ac7f97744875896f36a44f7c827c2b83"
deps = ["io"]

[zo]
path = "./zo/wit"
sha256 = "e5858adf44f6afa99c19e740f385aac5a8e788bcc9ce9de0a57c3a0be30c0e59"
sha512 = "be13584e27e882fc0213001b9db52e5a1ebf6acbf177919ca06b03cbfa4fe4d7736a3b8ac332afcaccc0adfbb68f8f9224e292cc1461f0f15c1532d9a47638a5"
deps = ["io"]
